<Solution>
  <Project Path="SmartAssist.Console/SmartAssist.Console.csproj" />
  <Project Path="SmartAssist.Domain/SmartAssist.Domain.csproj" />
  <Project Path="SmartAssist.Repository/SmartAssist.Repository.csproj" />
  <Project Path="SmartAssist.Services/SmartAssist.Services.csproj" />
</Solution>
